
Microsoft Visual Studio Solution File, Format Version 12.00
# Visual Studio Version 17
VisualStudioVersion = 17.10.34928.147
MinimumVisualStudioVersion = 10.0.40219.1
Project("{FAE04EC0-301F-11D3-BF4B-00C04F79EFBC}") = "AppEntry", "AppEntry\AppEntry.csproj", "{B294533F-6459-4EA5-830E-E352E4F930D2}"
EndProject
Project("{2150E333-8FDC-42A3-9474-1A3956D46DE8}") = "C#", "C#", "{F39E9C7E-18CA-4147-9BF3-3FF4839277E5}"
EndProject
Project("{FAE04EC0-301F-11D3-BF4B-00C04F79EFBC}") = "Kata8", "Kata8\Kata8.csproj", "{AAE52D03-48CE-4881-99B7-0CC6D3E39D06}"
EndProject
Global
	GlobalSection(SolutionConfigurationPlatforms) = preSolution
		Debug|Any CPU = Debug|Any CPU
		Release|Any CPU = Release|Any CPU
	EndGlobalSection
	GlobalSection(ProjectConfigurationPlatforms) = postSolution
		{B294533F-6459-4EA5-830E-E352E4F930D2}.Debug|Any CPU.ActiveCfg = Debug|Any CPU
		{B294533F-6459-4EA5-830E-E352E4F930D2}.Debug|Any CPU.Build.0 = Debug|Any CPU
		{B294533F-6459-4EA5-830E-E352E4F930D2}.Release|Any CPU.ActiveCfg = Release|Any CPU
		{B294533F-6459-4EA5-830E-E352E4F930D2}.Release|Any CPU.Build.0 = Release|Any CPU
		{AAE52D03-48CE-4881-99B7-0CC6D3E39D06}.Debug|Any CPU.ActiveCfg = Debug|Any CPU
		{AAE52D03-48CE-4881-99B7-0CC6D3E39D06}.Debug|Any CPU.Build.0 = Debug|Any CPU
		{AAE52D03-48CE-4881-99B7-0CC6D3E39D06}.Release|Any CPU.ActiveCfg = Release|Any CPU
		{AAE52D03-48CE-4881-99B7-0CC6D3E39D06}.Release|Any CPU.Build.0 = Release|Any CPU
	EndGlobalSection
	GlobalSection(SolutionProperties) = preSolution
		HideSolutionNode = FALSE
	EndGlobalSection
	GlobalSection(NestedProjects) = preSolution
		{AAE52D03-48CE-4881-99B7-0CC6D3E39D06} = {F39E9C7E-18CA-4147-9BF3-3FF4839277E5}
	EndGlobalSection
	GlobalSection(ExtensibilityGlobals) = postSolution
		SolutionGuid = {26CC4C75-E959-45BF-97FE-84DA6B28AA68}
	EndGlobalSection
EndGlobal
